prepare_data:
  cmd: python3 src/data/make_dataset.py -o data/interim/ -tr data/raw/train.csv -te
    data/raw/test.csv -r True
  deps:
  - path: data/raw/test.csv
    md5: 029c9cd22461f6dbe8d9ab01def965c6
    size: 28629
  - path: data/raw/train.csv
    md5: 61fdd54abdbf6a85b778e937122e1194
    size: 61194
  - path: src/data/make_dataset.py
    md5: 42647a24ea4f7b7a52e46c53c8809923
    size: 3769
  outs:
  - path: data/interim/label_encoding.yaml
    md5: 6be9b7aa50b322d947ab061b023d30d8
    size: 58
  - path: data/interim/test_categorized.csv
    md5: e2b2f8d01bc9a59b47cbc7af3a30632b
    size: 10527
  - path: data/interim/train_categorized.csv
    md5: 9ccff89e173158915d08684117191ce9
    size: 20716
